<?xml version="1.0" encoding="utf-8"?>
<Project ToolsVersion="4.0" xmlns="http://schemas.microsoft.com/developer/msbuild/2003">
  <ItemGroup>
    <Filter Include="Kairon">
      <UniqueIdentifier>{49BCE8BD-355E-1394-1E19-27E80A5A9AE4}</UniqueIdentifier>
    </Filter>
    <Filter Include="Kairon\Events">
      <UniqueIdentifier>{0D9C788B-795C-F4C1-4297-3D3FAE16399E}</UniqueIdentifier>
    </Filter>
    <Filter Include="Kairon\ImGui">
      <UniqueIdentifier>{3384E9B6-1FE7-785B-C86C-B111B4AE44DE}</UniqueIdentifier>
    </Filter>
    <Filter Include="Kairon\Renderer">
      <UniqueIdentifier>{0FE20A43-7B6D-7807-847E-FBFBF088D407}</UniqueIdentifier>
    </Filter>
    <Filter Include="Platform">
      <UniqueIdentifier>{2AC788B4-1694-E3BF-3FAD-D1672BD9184E}</UniqueIdentifier>
    </Filter>
    <Filter Include="Platform\OpenGL">
      <UniqueIdentifier>{1E7D2C1D-8A08-9AE1-9319-1DD6FF23F6E1}</UniqueIdentifier>
    </Filter>
    <Filter Include="Platform\Windows">
      <UniqueIdentifier>{64FBD71A-50F4-F66C-7926-DCF1657ED678}</UniqueIdentifier>
    </Filter>
  </ItemGroup>
  <ItemGroup>
    <ClInclude Include="src\Kairon.h" />
    <ClInclude Include="src\Kairon\Application.h">
      <Filter>Kairon</Filter>
    </ClInclude>
    <ClInclude Include="src\Kairon\Core.h">
      <Filter>Kairon</Filter>
    </ClInclude>
    <ClInclude Include="src\Kairon\EntryPoint.h">
      <Filter>Kairon</Filter>
    </ClInclude>
    <ClInclude Include="src\Kairon\Events\ApplicationEvent.h">
      <Filter>Kairon\Events</Filter>
    </ClInclude>
    <ClInclude Include="src\Kairon\Events\Event.h">
      <Filter>Kairon\Events</Filter>
    </ClInclude>
    <ClInclude Include="src\Kairon\Events\KeyEvent.h">
      <Filter>Kairon\Events</Filter>
    </ClInclude>
    <ClInclude Include="src\Kairon\Events\MouseEvent.h">
      <Filter>Kairon\Events</Filter>
    </ClInclude>
    <ClInclude Include="src\Kairon\ImGui\ImGuiLayer.h">
      <Filter>Kairon\ImGui</Filter>
    </ClInclude>
    <ClInclude Include="src\Kairon\Input.h">
      <Filter>Kairon</Filter>
    </ClInclude>
    <ClInclude Include="src\Kairon\KeyCodes.h">
      <Filter>Kairon</Filter>
    </ClInclude>
    <ClInclude Include="src\Kairon\Layer.h">
      <Filter>Kairon</Filter>
    </ClInclude>
    <ClInclude Include="src\Kairon\LayerStack.h">
      <Filter>Kairon</Filter>
    </ClInclude>
    <ClInclude Include="src\Kairon\Log.h">
      <Filter>Kairon</Filter>
    </ClInclude>
    <ClInclude Include="src\Kairon\MouseButtonCodes.h">
      <Filter>Kairon</Filter>
    </ClInclude>
    <ClInclude Include="src\Kairon\Renderer\Buffer.h">
      <Filter>Kairon\Renderer</Filter>
    </ClInclude>
    <ClInclude Include="src\Kairon\Renderer\GraphicsContext.h">
      <Filter>Kairon\Renderer</Filter>
    </ClInclude>
    <ClInclude Include="src\Kairon\Renderer\Renderer.h">
      <Filter>Kairon\Renderer</Filter>
    </ClInclude>
    <ClInclude Include="src\Kairon\Renderer\Shader.h">
      <Filter>Kairon\Renderer</Filter>
    </ClInclude>
    <ClInclude Include="src\Kairon\Window.h">
      <Filter>Kairon</Filter>
    </ClInclude>
    <ClInclude Include="src\Platform\OpenGL\OpenGLBuffer.h">
      <Filter>Platform\OpenGL</Filter>
    </ClInclude>
    <ClInclude Include="src\Platform\OpenGL\OpenGLContext.h">
      <Filter>Platform\OpenGL</Filter>
    </ClInclude>
    <ClInclude Include="src\Platform\Windows\WindowsInput.h">
      <Filter>Platform\Windows</Filter>
    </ClInclude>
    <ClInclude Include="src\Platform\Windows\WindowsWindow.h">
      <Filter>Platform\Windows</Filter>
    </ClInclude>
    <ClInclude Include="src\hzpch.h" />
  </ItemGroup>
  <ItemGroup>
    <ClCompile Include="src\Kairon\Application.cpp">
      <Filter>Kairon</Filter>
    </ClCompile>
    <ClCompile Include="src\Kairon\ImGui\ImGuiBuild.cpp">
      <Filter>Kairon\ImGui</Filter>
    </ClCompile>
    <ClCompile Include="src\Kairon\ImGui\ImGuiLayer.cpp">
      <Filter>Kairon\ImGui</Filter>
    </ClCompile>
    <ClCompile Include="src\Kairon\Layer.cpp">
      <Filter>Kairon</Filter>
    </ClCompile>
    <ClCompile Include="src\Kairon\LayerStack.cpp">
      <Filter>Kairon</Filter>
    </ClCompile>
    <ClCompile Include="src\Kairon\Log.cpp">
      <Filter>Kairon</Filter>
    </ClCompile>
    <ClCompile Include="src\Kairon\Renderer\Buffer.cpp">
      <Filter>Kairon\Renderer</Filter>
    </ClCompile>
    <ClCompile Include="src\Kairon\Renderer\Renderer.cpp">
      <Filter>Kairon\Renderer</Filter>
    </ClCompile>
    <ClCompile Include="src\Kairon\Renderer\Shader.cpp">
      <Filter>Kairon\Renderer</Filter>
    </ClCompile>
    <ClCompile Include="src\Platform\OpenGL\OpenGLBuffer.cpp">
      <Filter>Platform\OpenGL</Filter>
    </ClCompile>
    <ClCompile Include="src\Platform\OpenGL\OpenGLContext.cpp">
      <Filter>Platform\OpenGL</Filter>
    </ClCompile>
    <ClCompile Include="src\Platform\Windows\WindowsInput.cpp">
      <Filter>Platform\Windows</Filter>
    </ClCompile>
    <ClCompile Include="src\Platform\Windows\WindowsWindow.cpp">
      <Filter>Platform\Windows</Filter>
    </ClCompile>
    <ClCompile Include="src\hzpch.cpp" />
  </ItemGroup>
</Project>